
Microsoft Visual Studio Solution File, Format Version 12.00
# Visual Studio Version 16
VisualStudioVersion = 16.0.30621.155
MinimumVisualStudioVersion = 10.0.40219.1
Project("{FAE04EC0-301F-11D3-BF4B-00C04F79EFBC}") = "Azure_lab4", "Azure_lab4\Azure_lab4.csproj", "{40029090-E833-4690-AB5E-C98A45C85431}"
EndProject
Global
	GlobalSection(SolutionConfigurationPlatforms) = preSolution
		Debug|Any CPU = Debug|Any CPU
		Release|Any CPU = Release|Any CPU
	EndGlobalSection
	GlobalSection(ProjectConfigurationPlatforms) = postSolution
		{40029090-E833-4690-AB5E-C98A45C85431}.Debug|Any CPU.ActiveCfg = Debug|Any CPU
		{40029090-E833-4690-AB5E-C98A45C85431}.Debug|Any CPU.Build.0 = Debug|Any CPU
		{40029090-E833-4690-AB5E-C98A45C85431}.Release|Any CPU.ActiveCfg = Release|Any CPU
		{40029090-E833-4690-AB5E-C98A45C85431}.Release|Any CPU.Build.0 = Release|Any CPU
	EndGlobalSection
	GlobalSection(SolutionProperties) = preSolution
		HideSolutionNode = FALSE
	EndGlobalSection
	GlobalSection(ExtensibilityGlobals) = postSolution
		SolutionGuid = {4D7FBEA0-1276-47C8-90C0-B851CA117ECD}
	EndGlobalSection
EndGlobal
